{
  "originHash" : "71b199b3d0f34666a63df9ad9959f4c44a8a4c337a47eeeba7b216f43ac63ccc",
  "pins" : [
    {
      "identity" : "kvobserver",
      "kind" : "remoteSourceControl",
      "location" : "https://github.com/Frizlab/KVObserver.git",
      "state" : {
        "revision" : "6b6252489a2b1cdb67857576962676b6cb6c679a",
        "version" : "0.9.5"
      }
    },
    {
      "identity" : "safeglobal",
      "kind" : "remoteSourceControl",
      "location" : "https://github.com/Frizlab/SafeGlobal.git",
      "state" : {
        "revision" : "4f64746ccc3a06e0c0b97ff1c572d9f7ef636206",
        "version" : "0.3.1"
      }
    },
    {
      "identity" : "swift-log",
      "kind" : "remoteSourceControl",
      "location" : "https://github.com/apple/swift-log.git",
      "state" : {
        "revision" : "9cb486020ebf03bfa5b5df985387a14a98744537",
        "version" : "1.6.1"
      }
    },
    {
      "identity" : "swift-syntax",
      "kind" : "remoteSourceControl",
      "location" : "https://github.com/swiftlang/swift-syntax.git",
      "state" : {
        "revision" : "2bc86522d115234d1f588efe2bcb4ce4be8f8b82",
        "version" : "510.0.3"
      }
    },
    {
      "identity" : "xibloc",
      "kind" : "remoteSourceControl",
      "location" : "https://github.com/Frizlab/XibLoc.git",
      "state" : {
        "revision" : "dd9372c902d04e4559b469da9bdaf0de3ae21fb5",
        "version" : "1.3.1"
      }
    }
  ],
  "version" : 3
}
