// !$*UTF8*$!
{
	archiveVersion = 1;
	classes = {
	};
	objectVersion = 46;
	objects = {

/* Begin PBXBuildFile section */
		7B4CA5131325105E00C5A5CD /* FLPreferences.xib in Resources */ = {isa = PBXBuildFile; fileRef = 7B4CA5121325105E00C5A5CD /* FLPreferences.xib */; };
		7B4CA51D1325156500C5A5CD /* FLPreferencesController.m in Sources */ = {isa = PBXBuildFile; fileRef = 7B4CA51C1325156400C5A5CD /* FLPreferencesController.m */; };
		7B4CA52913252AF300C5A5CD /* FLDefaultPaths.m in Sources */ = {isa = PBXBuildFile; fileRef = 7B4CA52813252AF200C5A5CD /* FLDefaultPaths.m */; };
		7B4CA52C1325306F00C5A5CD /* FLSkinPreviewCell.m in Sources */ = {isa = PBXBuildFile; fileRef = 7B4CA52B1325306C00C5A5CD /* FLSkinPreviewCell.m */; };
		7B70732813237D72000089B2 /* FLCPUIndicatorView.m in Sources */ = {isa = PBXBuildFile; fileRef = 7B70732713237D71000089B2 /* FLCPUIndicatorView.m */; };
		7B78A4C8131AA56500FE0D25 /* Cocoa.framework in Frameworks */ = {isa = PBXBuildFile; fileRef = 7B78A4C7131AA56500FE0D25 /* Cocoa.framework */; };
		7B78A4D2131AA56500FE0D25 /* InfoPlist.strings in Resources */ = {isa = PBXBuildFile; fileRef = 7B78A4D0131AA56500FE0D25 /* InfoPlist.strings */; };
		7B78A4D5131AA56500FE0D25 /* main.m in Sources */ = {isa = PBXBuildFile; fileRef = 7B78A4D4131AA56500FE0D25 /* main.m */; };
		7B78A4D8131AA56500FE0D25 /* Credits.rtf in Resources */ = {isa = PBXBuildFile; fileRef = 7B78A4D6131AA56500FE0D25 /* Credits.rtf */; };
		7B78A4DB131AA56500FE0D25 /* CPU_IndicatorAppDelegate.m in Sources */ = {isa = PBXBuildFile; fileRef = 7B78A4DA131AA56500FE0D25 /* CPU_IndicatorAppDelegate.m */; };
		7B78A4DE131AA56500FE0D25 /* MainMenu.xib in Resources */ = {isa = PBXBuildFile; fileRef = 7B78A4DC131AA56500FE0D25 /* MainMenu.xib */; };
		7B849F41132276920045854D /* green.png in Resources */ = {isa = PBXBuildFile; fileRef = 7B849F3E132276920045854D /* green.png */; };
		7B849F42132276920045854D /* orange.png in Resources */ = {isa = PBXBuildFile; fileRef = 7B849F3F132276920045854D /* orange.png */; };
		7B849F43132276920045854D /* red.png in Resources */ = {isa = PBXBuildFile; fileRef = 7B849F40132276920045854D /* red.png */; };
		7B90A9671325CDDC003D00CA /* FLSkinManager.m in Sources */ = {isa = PBXBuildFile; fileRef = 7B90A9661325CDDC003D00CA /* FLSkinManager.m */; };
		7B90A96B1325CE57003D00CA /* FLSkin.m in Sources */ = {isa = PBXBuildFile; fileRef = 7B90A96A1325CE56003D00CA /* FLSkin.m */; };
		7B90A96D1326493D003D00CA /* Localizable.strings in Resources */ = {isa = PBXBuildFile; fileRef = 7B90A96C1326493D003D00CA /* Localizable.strings */; };
		7B90A96F13268BB0003D00CA /* check_mark.png in Resources */ = {isa = PBXBuildFile; fileRef = 7B90A96E13268BB0003D00CA /* check_mark.png */; };
		7B90A97513269065003D00CA /* FLCenteredTextCell.m in Sources */ = {isa = PBXBuildFile; fileRef = 7B90A9741326905E003D00CA /* FLCenteredTextCell.m */; };
		7BAA01EF133F5D4C0085CB43 /* FLSkinMelter.m in Sources */ = {isa = PBXBuildFile; fileRef = 7BAA01EE133F5D4C0085CB43 /* FLSkinMelter.m */; };
		7BB699251476A0E000D14408 /* Readme.md in Resources */ = {isa = PBXBuildFile; fileRef = 7BB699241476A0E000D14408 /* Readme.md */; };
		7BBB95B414A40E2700161989 /* FLCPUIndicatorDockController.m in Sources */ = {isa = PBXBuildFile; fileRef = 7BBB95B314A40E2700161989 /* FLCPUIndicatorDockController.m */; };
		7BBB95CC14A4ACFD00161989 /* dock.png in Resources */ = {isa = PBXBuildFile; fileRef = 7BBB95CB14A4ACFD00161989 /* dock.png */; };
		7BBB95CF14A4C4FA00161989 /* desktop.png in Resources */ = {isa = PBXBuildFile; fileRef = 7BBB95CE14A4C4FA00161989 /* desktop.png */; };
		7BBB95D114A4CBDC00161989 /* window.png in Resources */ = {isa = PBXBuildFile; fileRef = 7BBB95D014A4CBDC00161989 /* window.png */; };
		7BDAEC9E1326ABC200134455 /* icon.icns in Resources */ = {isa = PBXBuildFile; fileRef = 7BDAEC9D1326ABC200134455 /* icon.icns */; };
		7BFBEB2714A0EDD600060B8B /* FLIsNotThree.m in Sources */ = {isa = PBXBuildFile; fileRef = 7BFBEB2614A0EDD600060B8B /* FLIsNotThree.m */; };
		7BFBEB2B14A0F70E00060B8B /* FLCPUIndicatorWindowController.m in Sources */ = {isa = PBXBuildFile; fileRef = 7BFBEB2A14A0F70E00060B8B /* FLCPUIndicatorWindowController.m */; };
		7BFBEB2D14A0F73100060B8B /* FLCPUIndicatorWindow.xib in Resources */ = {isa = PBXBuildFile; fileRef = 7BFBEB2C14A0F73100060B8B /* FLCPUIndicatorWindow.xib */; };
		7BFBEB6E14A145AE00060B8B /* FLGlobals.c in Sources */ = {isa = PBXBuildFile; fileRef = 7BFBEB6D14A145AE00060B8B /* FLGlobals.c */; };
		7BFBEB7314A2076A00060B8B /* FLCPUIndicatorMenuBarController.m in Sources */ = {isa = PBXBuildFile; fileRef = 7BFBEB7214A2076A00060B8B /* FLCPUIndicatorMenuBarController.m */; };
		7BFBEB7514A2085400060B8B /* FLCPUIndicatorMenuBar.xib in Resources */ = {isa = PBXBuildFile; fileRef = 7BFBEB7414A2085400060B8B /* FLCPUIndicatorMenuBar.xib */; };
		7BFBEB7814A222B100060B8B /* FLUtils.m in Sources */ = {isa = PBXBuildFile; fileRef = 7BFBEB7714A222B100060B8B /* FLUtils.m */; };
		7BFBEB7B14A25B9A00060B8B /* FLMenuIndicatorView.m in Sources */ = {isa = PBXBuildFile; fileRef = 7BFBEB7A14A25B9A00060B8B /* FLMenuIndicatorView.m */; };
/* End PBXBuildFile section */

/* Begin PBXFileReference section */
		7B4CA5121325105E00C5A5CD /* FLPreferences.xib */ = {isa = PBXFileReference; fileEncoding = 4; lastKnownFileType = file.xib; path = FLPreferences.xib; sourceTree = "<group>"; };
		7B4CA51A1325113900C5A5CD /* FLConstants.h */ = {isa = PBXFileReference; fileEncoding = 4; lastKnownFileType = sourcecode.c.h; path = FLConstants.h; sourceTree = "<group>"; };
		7B4CA51B1325156400C5A5CD /* FLPreferencesController.h */ = {isa = PBXFileReference; fileEncoding = 4; lastKnownFileType = sourcecode.c.h; path = FLPreferencesController.h; sourceTree = "<group>"; };
		7B4CA51C1325156400C5A5CD /* FLPreferencesController.m */ = {isa = PBXFileReference; fileEncoding = 4; lastKnownFileType = sourcecode.c.objc; path = FLPreferencesController.m; sourceTree = "<group>"; };
		7B4CA52713252AF200C5A5CD /* FLDefaultPaths.h */ = {isa = PBXFileReference; fileEncoding = 4; lastKnownFileType = sourcecode.c.h; path = FLDefaultPaths.h; sourceTree = "<group>"; };
		7B4CA52813252AF200C5A5CD /* FLDefaultPaths.m */ = {isa = PBXFileReference; fileEncoding = 4; lastKnownFileType = sourcecode.c.objc; path = FLDefaultPaths.m; sourceTree = "<group>"; };
		7B4CA52A1325306B00C5A5CD /* FLSkinPreviewCell.h */ = {isa = PBXFileReference; fileEncoding = 4; lastKnownFileType = sourcecode.c.h; path = FLSkinPreviewCell.h; sourceTree = "<group>"; };
		7B4CA52B1325306C00C5A5CD /* FLSkinPreviewCell.m */ = {isa = PBXFileReference; fileEncoding = 4; lastKnownFileType = sourcecode.c.objc; path = FLSkinPreviewCell.m; sourceTree = "<group>"; };
		7B70732613237D71000089B2 /* FLCPUIndicatorView.h */ = {isa = PBXFileReference; fileEncoding = 4; lastKnownFileType = sourcecode.c.h; path = FLCPUIndicatorView.h; sourceTree = "<group>"; };
		7B70732713237D71000089B2 /* FLCPUIndicatorView.m */ = {isa = PBXFileReference; fileEncoding = 4; lastKnownFileType = sourcecode.c.objc; path = FLCPUIndicatorView.m; sourceTree = "<group>"; };
		7B78A4C3131AA56500FE0D25 /* CPU Indicator.app */ = {isa = PBXFileReference; explicitFileType = wrapper.application; includeInIndex = 0; path = "CPU Indicator.app"; sourceTree = BUILT_PRODUCTS_DIR; };
		7B78A4C7131AA56500FE0D25 /* Cocoa.framework */ = {isa = PBXFileReference; lastKnownFileType = wrapper.framework; name = Cocoa.framework; path = System/Library/Frameworks/Cocoa.framework; sourceTree = SDKROOT; };
		7B78A4CA131AA56500FE0D25 /* AppKit.framework */ = {isa = PBXFileReference; lastKnownFileType = wrapper.framework; name = AppKit.framework; path = System/Library/Frameworks/AppKit.framework; sourceTree = SDKROOT; };
		7B78A4CB131AA56500FE0D25 /* CoreData.framework */ = {isa = PBXFileReference; lastKnownFileType = wrapper.framework; name = CoreData.framework; path = System/Library/Frameworks/CoreData.framework; sourceTree = SDKROOT; };
		7B78A4CC131AA56500FE0D25 /* Foundation.framework */ = {isa = PBXFileReference; lastKnownFileType = wrapper.framework; name = Foundation.framework; path = System/Library/Frameworks/Foundation.framework; sourceTree = SDKROOT; };
		7B78A4CF131AA56500FE0D25 /* CPU_Indicator-Info.plist */ = {isa = PBXFileReference; lastKnownFileType = text.plist.xml; path = "CPU_Indicator-Info.plist"; sourceTree = "<group>"; };
		7B78A4D1131AA56500FE0D25 /* en */ = {isa = PBXFileReference; lastKnownFileType = text.plist.strings; name = en; path = en.lproj/InfoPlist.strings; sourceTree = "<group>"; };
		7B78A4D3131AA56500FE0D25 /* CPU_Indicator-Prefix.pch */ = {isa = PBXFileReference; lastKnownFileType = sourcecode.c.h; path = "CPU_Indicator-Prefix.pch"; sourceTree = "<group>"; };
		7B78A4D4131AA56500FE0D25 /* main.m */ = {isa = PBXFileReference; lastKnownFileType = sourcecode.c.objc; path = main.m; sourceTree = "<group>"; };
		7B78A4D7131AA56500FE0D25 /* en */ = {isa = PBXFileReference; lastKnownFileType = text.rtf; name = en; path = en.lproj/Credits.rtf; sourceTree = "<group>"; };
		7B78A4D9131AA56500FE0D25 /* CPU_IndicatorAppDelegate.h */ = {isa = PBXFileReference; lastKnownFileType = sourcecode.c.h; path = CPU_IndicatorAppDelegate.h; sourceTree = "<group>"; };
		7B78A4DA131AA56500FE0D25 /* CPU_IndicatorAppDelegate.m */ = {isa = PBXFileReference; lastKnownFileType = sourcecode.c.objc; path = CPU_IndicatorAppDelegate.m; sourceTree = "<group>"; };
		7B78A4DD131AA56500FE0D25 /* en */ = {isa = PBXFileReference; lastKnownFileType = file.xib; name = en; path = en.lproj/MainMenu.xib; sourceTree = "<group>"; };
		7B849F3E132276920045854D /* green.png */ = {isa = PBXFileReference; lastKnownFileType = image.png; path = green.png; sourceTree = "<group>"; };
		7B849F3F132276920045854D /* orange.png */ = {isa = PBXFileReference; lastKnownFileType = image.png; path = orange.png; sourceTree = "<group>"; };
		7B849F40132276920045854D /* red.png */ = {isa = PBXFileReference; lastKnownFileType = image.png; path = red.png; sourceTree = "<group>"; };
		7B90A9651325CDDC003D00CA /* FLSkinManager.h */ = {isa = PBXFileReference; fileEncoding = 4; lastKnownFileType = sourcecode.c.h; path = FLSkinManager.h; sourceTree = "<group>"; };
		7B90A9661325CDDC003D00CA /* FLSkinManager.m */ = {isa = PBXFileReference; fileEncoding = 4; lastKnownFileType = sourcecode.c.objc; path = FLSkinManager.m; sourceTree = "<group>"; };
		7B90A9691325CE56003D00CA /* FLSkin.h */ = {isa = PBXFileReference; fileEncoding = 4; lastKnownFileType = sourcecode.c.h; path = FLSkin.h; sourceTree = "<group>"; };
		7B90A96A1325CE56003D00CA /* FLSkin.m */ = {isa = PBXFileReference; fileEncoding = 4; lastKnownFileType = sourcecode.c.objc; path = FLSkin.m; sourceTree = "<group>"; };
		7B90A96C1326493D003D00CA /* Localizable.strings */ = {isa = PBXFileReference; fileEncoding = 4; lastKnownFileType = text.plist.strings; path = Localizable.strings; sourceTree = "<group>"; };
		7B90A96E13268BB0003D00CA /* check_mark.png */ = {isa = PBXFileReference; lastKnownFileType = image.png; path = check_mark.png; sourceTree = "<group>"; };
		7B90A9731326905D003D00CA /* FLCenteredTextCell.h */ = {isa = PBXFileReference; fileEncoding = 4; lastKnownFileType = sourcecode.c.h; path = FLCenteredTextCell.h; sourceTree = "<group>"; };
		7B90A9741326905E003D00CA /* FLCenteredTextCell.m */ = {isa = PBXFileReference; fileEncoding = 4; lastKnownFileType = sourcecode.c.objc; path = FLCenteredTextCell.m; sourceTree = "<group>"; };
		7B941339147A486600BAD29E /* CPU Indicator.entitlements */ = {isa = PBXFileReference; lastKnownFileType = text.xml; path = "CPU Indicator.entitlements"; sourceTree = "<group>"; };
		7BAA01ED133F5D4C0085CB43 /* FLSkinMelter.h */ = {isa = PBXFileReference; fileEncoding = 4; lastKnownFileType = sourcecode.c.h; path = FLSkinMelter.h; sourceTree = "<group>"; };
		7BAA01EE133F5D4C0085CB43 /* FLSkinMelter.m */ = {isa = PBXFileReference; fileEncoding = 4; lastKnownFileType = sourcecode.c.objc; path = FLSkinMelter.m; sourceTree = "<group>"; };
		7BB699241476A0E000D14408 /* Readme.md */ = {isa = PBXFileReference; fileEncoding = 4; lastKnownFileType = text; path = Readme.md; sourceTree = "<group>"; };
		7BBB95B214A40E2700161989 /* FLCPUIndicatorDockController.h */ = {isa = PBXFileReference; fileEncoding = 4; lastKnownFileType = sourcecode.c.h; path = FLCPUIndicatorDockController.h; sourceTree = "<group>"; };
		7BBB95B314A40E2700161989 /* FLCPUIndicatorDockController.m */ = {isa = PBXFileReference; fileEncoding = 4; lastKnownFileType = sourcecode.c.objc; path = FLCPUIndicatorDockController.m; sourceTree = "<group>"; };
		7BBB95CB14A4ACFD00161989 /* dock.png */ = {isa = PBXFileReference; lastKnownFileType = image.png; path = dock.png; sourceTree = "<group>"; };
		7BBB95CE14A4C4FA00161989 /* desktop.png */ = {isa = PBXFileReference; lastKnownFileType = image.png; path = desktop.png; sourceTree = "<group>"; };
		7BBB95D014A4CBDC00161989 /* window.png */ = {isa = PBXFileReference; lastKnownFileType = image.png; path = window.png; sourceTree = "<group>"; };
		7BDAEC9D1326ABC200134455 /* icon.icns */ = {isa = PBXFileReference; lastKnownFileType = image.icns; path = icon.icns; sourceTree = "<group>"; };
		7BFBEB2514A0EDD600060B8B /* FLIsNotThree.h */ = {isa = PBXFileReference; fileEncoding = 4; lastKnownFileType = sourcecode.c.h; path = FLIsNotThree.h; sourceTree = "<group>"; };
		7BFBEB2614A0EDD600060B8B /* FLIsNotThree.m */ = {isa = PBXFileReference; fileEncoding = 4; lastKnownFileType = sourcecode.c.objc; path = FLIsNotThree.m; sourceTree = "<group>"; };
		7BFBEB2914A0F70E00060B8B /* FLCPUIndicatorWindowController.h */ = {isa = PBXFileReference; fileEncoding = 4; lastKnownFileType = sourcecode.c.h; path = FLCPUIndicatorWindowController.h; sourceTree = "<group>"; };
		7BFBEB2A14A0F70E00060B8B /* FLCPUIndicatorWindowController.m */ = {isa = PBXFileReference; fileEncoding = 4; lastKnownFileType = sourcecode.c.objc; path = FLCPUIndicatorWindowController.m; sourceTree = "<group>"; };
		7BFBEB2C14A0F73100060B8B /* FLCPUIndicatorWindow.xib */ = {isa = PBXFileReference; fileEncoding = 4; lastKnownFileType = file.xib; path = FLCPUIndicatorWindow.xib; sourceTree = "<group>"; };
		7BFBEB6D14A145AE00060B8B /* FLGlobals.c */ = {isa = PBXFileReference; fileEncoding = 4; lastKnownFileType = sourcecode.c.c; path = FLGlobals.c; sourceTree = "<group>"; };
		7BFBEB6F14A145C000060B8B /* FLGlobals.h */ = {isa = PBXFileReference; fileEncoding = 4; lastKnownFileType = sourcecode.c.h; path = FLGlobals.h; sourceTree = "<group>"; };
		7BFBEB7114A2076A00060B8B /* FLCPUIndicatorMenuBarController.h */ = {isa = PBXFileReference; fileEncoding = 4; lastKnownFileType = sourcecode.c.h; path = FLCPUIndicatorMenuBarController.h; sourceTree = "<group>"; };
		7BFBEB7214A2076A00060B8B /* FLCPUIndicatorMenuBarController.m */ = {isa = PBXFileReference; fileEncoding = 4; lastKnownFileType = sourcecode.c.objc; path = FLCPUIndicatorMenuBarController.m; sourceTree = "<group>"; };
		7BFBEB7414A2085400060B8B /* FLCPUIndicatorMenuBar.xib */ = {isa = PBXFileReference; fileEncoding = 4; lastKnownFileType = file.xib; path = FLCPUIndicatorMenuBar.xib; sourceTree = "<group>"; };
		7BFBEB7614A222B100060B8B /* FLUtils.h */ = {isa = PBXFileReference; fileEncoding = 4; lastKnownFileType = sourcecode.c.h; path = FLUtils.h; sourceTree = "<group>"; };
		7BFBEB7714A222B100060B8B /* FLUtils.m */ = {isa = PBXFileReference; fileEncoding = 4; lastKnownFileType = sourcecode.c.objc; path = FLUtils.m; sourceTree = "<group>"; };
		7BFBEB7914A25B9A00060B8B /* FLMenuIndicatorView.h */ = {isa = PBXFileReference; fileEncoding = 4; lastKnownFileType = sourcecode.c.h; path = FLMenuIndicatorView.h; sourceTree = "<group>"; };
		7BFBEB7A14A25B9A00060B8B /* FLMenuIndicatorView.m */ = {isa = PBXFileReference; fileEncoding = 4; lastKnownFileType = sourcecode.c.objc; path = FLMenuIndicatorView.m; sourceTree = "<group>"; };
/* End PBXFileReference section */

/* Begin PBXFrameworksBuildPhase section */
		7B78A4C0131AA56500FE0D25 /* Frameworks */ = {
			isa = PBXFrameworksBuildPhase;
			buildActionMask = 2147483647;
			files = (
				7B78A4C8131AA56500FE0D25 /* Cocoa.framework in Frameworks */,
			);
			runOnlyForDeploymentPostprocessing = 0;
		};
/* End PBXFrameworksBuildPhase section */

/* Begin PBXGroup section */
		7B78A4B8131AA56500FE0D25 = {
			isa = PBXGroup;
			children = (
				7BB699241476A0E000D14408 /* Readme.md */,
				7B78A4CD131AA56500FE0D25 /* CPU Indicator */,
				7B78A4C6131AA56500FE0D25 /* Frameworks */,
				7B78A4C4131AA56500FE0D25 /* Products */,
			);
			sourceTree = "<group>";
		};
		7B78A4C4131AA56500FE0D25 /* Products */ = {
			isa = PBXGroup;
			children = (
				7B78A4C3131AA56500FE0D25 /* CPU Indicator.app */,
			);
			name = Products;
			sourceTree = "<group>";
		};
		7B78A4C6131AA56500FE0D25 /* Frameworks */ = {
			isa = PBXGroup;
			children = (
				7B78A4C7131AA56500FE0D25 /* Cocoa.framework */,
				7B78A4C9131AA56500FE0D25 /* Other Frameworks */,
			);
			name = Frameworks;
			sourceTree = "<group>";
		};
		7B78A4C9131AA56500FE0D25 /* Other Frameworks */ = {
			isa = PBXGroup;
			children = (
				7B78A4CA131AA56500FE0D25 /* AppKit.framework */,
				7B78A4CB131AA56500FE0D25 /* CoreData.framework */,
				7B78A4CC131AA56500FE0D25 /* Foundation.framework */,
			);
			name = "Other Frameworks";
			sourceTree = "<group>";
		};
		7B78A4CD131AA56500FE0D25 /* CPU Indicator */ = {
			isa = PBXGroup;
			children = (
				7B941339147A486600BAD29E /* CPU Indicator.entitlements */,
				7BFBEB3214A0F99D00060B8B /* Skin Stuff */,
				7B78A4DC131AA56500FE0D25 /* MainMenu.xib */,
				7B78A4D9131AA56500FE0D25 /* CPU_IndicatorAppDelegate.h */,
				7B78A4DA131AA56500FE0D25 /* CPU_IndicatorAppDelegate.m */,
				7BFBEB2E14A0F7E400060B8B /* View and Controllers */,
				7BFBEB3114A0F83600060B8B /* Utilities */,
				7B78A4CE131AA56500FE0D25 /* Supporting Files */,
			);
			path = "CPU Indicator";
			sourceTree = "<group>";
		};
		7B78A4CE131AA56500FE0D25 /* Supporting Files */ = {
			isa = PBXGroup;
			children = (
				7B849F45132276960045854D /* Images */,
				7B78A4CF131AA56500FE0D25 /* CPU_Indicator-Info.plist */,
				7B78A4D0131AA56500FE0D25 /* InfoPlist.strings */,
				7B78A4D3131AA56500FE0D25 /* CPU_Indicator-Prefix.pch */,
				7B78A4D4131AA56500FE0D25 /* main.m */,
				7B78A4D6131AA56500FE0D25 /* Credits.rtf */,
				7BFBEB7614A222B100060B8B /* FLUtils.h */,
				7BFBEB7714A222B100060B8B /* FLUtils.m */,
				7BFBEB6F14A145C000060B8B /* FLGlobals.h */,
				7BFBEB6D14A145AE00060B8B /* FLGlobals.c */,
				7B4CA51A1325113900C5A5CD /* FLConstants.h */,
				7B90A96C1326493D003D00CA /* Localizable.strings */,
			);
			name = "Supporting Files";
			sourceTree = "<group>";
		};
		7B849F45132276960045854D /* Images */ = {
			isa = PBXGroup;
			children = (
				7BBB95CB14A4ACFD00161989 /* dock.png */,
				7BBB95CE14A4C4FA00161989 /* desktop.png */,
				7BBB95D014A4CBDC00161989 /* window.png */,
				7B849F3E132276920045854D /* green.png */,
				7B849F3F132276920045854D /* orange.png */,
				7B849F40132276920045854D /* red.png */,
				7BDAEC9D1326ABC200134455 /* icon.icns */,
				7B90A96E13268BB0003D00CA /* check_mark.png */,
			);
			name = Images;
			sourceTree = "<group>";
		};
		7BBB95B114A40DE300161989 /* CPU Indicator Dock */ = {
			isa = PBXGroup;
			children = (
				7BBB95B214A40E2700161989 /* FLCPUIndicatorDockController.h */,
				7BBB95B314A40E2700161989 /* FLCPUIndicatorDockController.m */,
			);
			name = "CPU Indicator Dock";
			sourceTree = "<group>";
		};
		7BFBEB2E14A0F7E400060B8B /* View and Controllers */ = {
			isa = PBXGroup;
			children = (
				7B70732613237D71000089B2 /* FLCPUIndicatorView.h */,
				7B70732713237D71000089B2 /* FLCPUIndicatorView.m */,
				7BFBEB6C14A13A1D00060B8B /* CPU Indicator Window */,
				7BFBEB7014A2059100060B8B /* CPU Indicator Menu Bar */,
				7BBB95B114A40DE300161989 /* CPU Indicator Dock */,
				7BFBEB2F14A0F80200060B8B /* Preferences */,
				7BFBEB3014A0F81800060B8B /* Cells */,
			);
			name = "View and Controllers";
			sourceTree = "<group>";
		};
		7BFBEB2F14A0F80200060B8B /* Preferences */ = {
			isa = PBXGroup;
			children = (
				7B4CA5121325105E00C5A5CD /* FLPreferences.xib */,
				7B4CA51B1325156400C5A5CD /* FLPreferencesController.h */,
				7B4CA51C1325156400C5A5CD /* FLPreferencesController.m */,
			);
			name = Preferences;
			sourceTree = "<group>";
		};
		7BFBEB3014A0F81800060B8B /* Cells */ = {
			isa = PBXGroup;
			children = (
				7B4CA52A1325306B00C5A5CD /* FLSkinPreviewCell.h */,
				7B4CA52B1325306C00C5A5CD /* FLSkinPreviewCell.m */,
				7B90A9731326905D003D00CA /* FLCenteredTextCell.h */,
				7B90A9741326905E003D00CA /* FLCenteredTextCell.m */,
			);
			name = Cells;
			sourceTree = "<group>";
		};
		7BFBEB3114A0F83600060B8B /* Utilities */ = {
			isa = PBXGroup;
			children = (
				7B4CA52713252AF200C5A5CD /* FLDefaultPaths.h */,
				7B4CA52813252AF200C5A5CD /* FLDefaultPaths.m */,
				7BFBEB2514A0EDD600060B8B /* FLIsNotThree.h */,
				7BFBEB2614A0EDD600060B8B /* FLIsNotThree.m */,
			);
			name = Utilities;
			sourceTree = "<group>";
		};
		7BFBEB3214A0F99D00060B8B /* Skin Stuff */ = {
			isa = PBXGroup;
			children = (
				7B90A9691325CE56003D00CA /* FLSkin.h */,
				7B90A96A1325CE56003D00CA /* FLSkin.m */,
				7BAA01ED133F5D4C0085CB43 /* FLSkinMelter.h */,
				7BAA01EE133F5D4C0085CB43 /* FLSkinMelter.m */,
				7B90A9651325CDDC003D00CA /* FLSkinManager.h */,
				7B90A9661325CDDC003D00CA /* FLSkinManager.m */,
			);
			name = "Skin Stuff";
			sourceTree = "<group>";
		};
		7BFBEB6C14A13A1D00060B8B /* CPU Indicator Window */ = {
			isa = PBXGroup;
			children = (
				7BFBEB2C14A0F73100060B8B /* FLCPUIndicatorWindow.xib */,
				7BFBEB2914A0F70E00060B8B /* FLCPUIndicatorWindowController.h */,
				7BFBEB2A14A0F70E00060B8B /* FLCPUIndicatorWindowController.m */,
			);
			name = "CPU Indicator Window";
			sourceTree = "<group>";
		};
		7BFBEB7014A2059100060B8B /* CPU Indicator Menu Bar */ = {
			isa = PBXGroup;
			children = (
				7BFBEB7914A25B9A00060B8B /* FLMenuIndicatorView.h */,
				7BFBEB7A14A25B9A00060B8B /* FLMenuIndicatorView.m */,
				7BFBEB7414A2085400060B8B /* FLCPUIndicatorMenuBar.xib */,
				7BFBEB7114A2076A00060B8B /* FLCPUIndicatorMenuBarController.h */,
				7BFBEB7214A2076A00060B8B /* FLCPUIndicatorMenuBarController.m */,
			);
			name = "CPU Indicator Menu Bar";
			sourceTree = "<group>";
		};
/* End PBXGroup section */

/* Begin PBXNativeTarget section */
		7B78A4C2131AA56500FE0D25 /* CPU Indicator */ = {
			isa = PBXNativeTarget;
			buildConfigurationList = 7B78A4E1131AA56500FE0D25 /* Build configuration list for PBXNativeTarget "CPU Indicator" */;
			buildPhases = (
				7B78A4BF131AA56500FE0D25 /* Sources */,
				7B78A4C0131AA56500FE0D25 /* Frameworks */,
				7B78A4C1131AA56500FE0D25 /* Resources */,
			);
			buildRules = (
			);
			dependencies = (
			);
			name = "CPU Indicator";
			productName = "CPU Indicator";
			productReference = 7B78A4C3131AA56500FE0D25 /* CPU Indicator.app */;
			productType = "com.apple.product-type.application";
		};
/* End PBXNativeTarget section */

/* Begin PBXProject section */
		7B78A4BA131AA56500FE0D25 /* Project object */ = {
			isa = PBXProject;
			attributes = {
				LastUpgradeCheck = 0420;
				ORGANIZATIONNAME = "Frost Land";
			};
			buildConfigurationList = 7B78A4BD131AA56500FE0D25 /* Build configuration list for PBXProject "CPU Indicator" */;
			compatibilityVersion = "Xcode 3.2";
			developmentRegion = English;
			hasScannedForEncodings = 0;
			knownRegions = (
				en,
			);
			mainGroup = 7B78A4B8131AA56500FE0D25;
			productRefGroup = 7B78A4C4131AA56500FE0D25 /* Products */;
			projectDirPath = "";
			projectRoot = "";
			targets = (
				7B78A4C2131AA56500FE0D25 /* CPU Indicator */,
			);
		};
/* End PBXProject section */

/* Begin PBXResourcesBuildPhase section */
		7B78A4C1131AA56500FE0D25 /* Resources */ = {
			isa = PBXResourcesBuildPhase;
			buildActionMask = 2147483647;
			files = (
				7B78A4D2131AA56500FE0D25 /* InfoPlist.strings in Resources */,
				7B78A4D8131AA56500FE0D25 /* Credits.rtf in Resources */,
				7B78A4DE131AA56500FE0D25 /* MainMenu.xib in Resources */,
				7B849F41132276920045854D /* green.png in Resources */,
				7B849F42132276920045854D /* orange.png in Resources */,
				7B849F43132276920045854D /* red.png in Resources */,
				7B4CA5131325105E00C5A5CD /* FLPreferences.xib in Resources */,
				7B90A96D1326493D003D00CA /* Localizable.strings in Resources */,
				7B90A96F13268BB0003D00CA /* check_mark.png in Resources */,
				7BDAEC9E1326ABC200134455 /* icon.icns in Resources */,
				7BB699251476A0E000D14408 /* Readme.md in Resources */,
				7BFBEB2D14A0F73100060B8B /* FLCPUIndicatorWindow.xib in Resources */,
				7BFBEB7514A2085400060B8B /* FLCPUIndicatorMenuBar.xib in Resources */,
				7BBB95CC14A4ACFD00161989 /* dock.png in Resources */,
				7BBB95CF14A4C4FA00161989 /* desktop.png in Resources */,
				7BBB95D114A4CBDC00161989 /* window.png in Resources */,
			);
			runOnlyForDeploymentPostprocessing = 0;
		};
/* End PBXResourcesBuildPhase section */

/* Begin PBXSourcesBuildPhase section */
		7B78A4BF131AA56500FE0D25 /* Sources */ = {
			isa = PBXSourcesBuildPhase;
			buildActionMask = 2147483647;
			files = (
				7B78A4D5131AA56500FE0D25 /* main.m in Sources */,
				7B78A4DB131AA56500FE0D25 /* CPU_IndicatorAppDelegate.m in Sources */,
				7B70732813237D72000089B2 /* FLCPUIndicatorView.m in Sources */,
				7B4CA51D1325156500C5A5CD /* FLPreferencesController.m in Sources */,
				7B4CA52913252AF300C5A5CD /* FLDefaultPaths.m in Sources */,
				7B4CA52C1325306F00C5A5CD /* FLSkinPreviewCell.m in Sources */,
				7B90A9671325CDDC003D00CA /* FLSkinManager.m in Sources */,
				7B90A96B1325CE57003D00CA /* FLSkin.m in Sources */,
				7B90A97513269065003D00CA /* FLCenteredTextCell.m in Sources */,
				7BAA01EF133F5D4C0085CB43 /* FLSkinMelter.m in Sources */,
				7BFBEB2714A0EDD600060B8B /* FLIsNotThree.m in Sources */,
				7BFBEB2B14A0F70E00060B8B /* FLCPUIndicatorWindowController.m in Sources */,
				7BFBEB6E14A145AE00060B8B /* FLGlobals.c in Sources */,
				7BFBEB7314A2076A00060B8B /* FLCPUIndicatorMenuBarController.m in Sources */,
				7BFBEB7814A222B100060B8B /* FLUtils.m in Sources */,
				7BFBEB7B14A25B9A00060B8B /* FLMenuIndicatorView.m in Sources */,
				7BBB95B414A40E2700161989 /* FLCPUIndicatorDockController.m in Sources */,
			);
			runOnlyForDeploymentPostprocessing = 0;
		};
/* End PBXSourcesBuildPhase section */

/* Begin PBXVariantGroup section */
		7B78A4D0131AA56500FE0D25 /* InfoPlist.strings */ = {
			isa = PBXVariantGroup;
			children = (
				7B78A4D1131AA56500FE0D25 /* en */,
			);
			name = InfoPlist.strings;
			sourceTree = "<group>";
		};
		7B78A4D6131AA56500FE0D25 /* Credits.rtf */ = {
			isa = PBXVariantGroup;
			children = (
				7B78A4D7131AA56500FE0D25 /* en */,
			);
			name = Credits.rtf;
			sourceTree = "<group>";
		};
		7B78A4DC131AA56500FE0D25 /* MainMenu.xib */ = {
			isa = PBXVariantGroup;
			children = (
				7B78A4DD131AA56500FE0D25 /* en */,
			);
			name = MainMenu.xib;
			sourceTree = "<group>";
		};
/* End PBXVariantGroup section */

/* Begin XCBuildConfiguration section */
		7B66B99E1326B1290037B017 /* Release and Sign */ = {
			isa = XCBuildConfiguration;
			buildSettings = {
				ARCHS = "$(ARCHS_STANDARD_32_64_BIT)";
				CODE_SIGN_IDENTITY = "3rd Party Mac Developer Application: FRANCOIS LAMBOLEY";
				GCC_C_LANGUAGE_STANDARD = gnu99;
				GCC_VERSION = com.apple.compilers.llvm.clang.1_0;
				GCC_WARN_64_TO_32_BIT_CONVERSION = YES;
				GCC_WARN_ABOUT_MISSING_PROTOTYPES = YES;
				GCC_WARN_ABOUT_RETURN_TYPE = YES;
				GCC_WARN_UNUSED_VARIABLE = YES;
				MACOSX_DEPLOYMENT_TARGET = 10.6;
				SDKROOT = macosx;
			};
			name = "Release and Sign";
		};
		7B66B99F1326B1290037B017 /* Release and Sign */ = {
			isa = XCBuildConfiguration;
			buildSettings = {
				ALWAYS_SEARCH_USER_PATHS = NO;
				CODE_SIGN_ENTITLEMENTS = "CPU Indicator/CPU Indicator.entitlements";
				CODE_SIGN_IDENTITY = "3rd Party Mac Developer Application";
				COPY_PHASE_STRIP = YES;
				CURRENT_PROJECT_VERSION = 2;
				DEBUG_INFORMATION_FORMAT = "dwarf-with-dsym";
				GCC_ENABLE_OBJC_EXCEPTIONS = YES;
				GCC_PRECOMPILE_PREFIX_HEADER = YES;
				GCC_PREFIX_HEADER = "CPU Indicator/CPU_Indicator-Prefix.pch";
				INFOPLIST_FILE = "CPU Indicator/CPU_Indicator-Info.plist";
				PRODUCT_NAME = "$(TARGET_NAME)";
				VERSIONING_SYSTEM = "apple-generic";
				VERSION_INFO_PREFIX = FL;
				WRAPPER_EXTENSION = app;
			};
			name = "Release and Sign";
		};
		7B78A4DF131AA56500FE0D25 /* Debug */ = {
			isa = XCBuildConfiguration;
			buildSettings = {
				ARCHS = "$(ARCHS_STANDARD_32_64_BIT)";
				GCC_C_LANGUAGE_STANDARD = gnu99;
				GCC_OPTIMIZATION_LEVEL = 0;
				GCC_PREPROCESSOR_DEFINITIONS = DEBUG;
				GCC_VERSION = com.apple.compilers.llvm.clang.1_0;
				GCC_WARN_64_TO_32_BIT_CONVERSION = YES;
				GCC_WARN_ABOUT_MISSING_PROTOTYPES = YES;
				GCC_WARN_ABOUT_RETURN_TYPE = YES;
				GCC_WARN_UNUSED_VARIABLE = YES;
				MACOSX_DEPLOYMENT_TARGET = 10.6;
				ONLY_ACTIVE_ARCH = YES;
				SDKROOT = macosx;
			};
			name = Debug;
		};
		7B78A4E0131AA56500FE0D25 /* Release */ = {
			isa = XCBuildConfiguration;
			buildSettings = {
				ARCHS = "$(ARCHS_STANDARD_32_64_BIT)";
				GCC_C_LANGUAGE_STANDARD = gnu99;
				GCC_VERSION = com.apple.compilers.llvm.clang.1_0;
				GCC_WARN_64_TO_32_BIT_CONVERSION = YES;
				GCC_WARN_ABOUT_MISSING_PROTOTYPES = YES;
				GCC_WARN_ABOUT_RETURN_TYPE = YES;
				GCC_WARN_UNUSED_VARIABLE = YES;
				MACOSX_DEPLOYMENT_TARGET = 10.6;
				SDKROOT = macosx;
			};
			name = Release;
		};
		7B78A4E2131AA56500FE0D25 /* Debug */ = {
			isa = XCBuildConfiguration;
			buildSettings = {
				ALWAYS_SEARCH_USER_PATHS = NO;
				CODE_SIGN_ENTITLEMENTS = "CPU Indicator/CPU Indicator.entitlements";
				CODE_SIGN_IDENTITY = "3rd Party Mac Developer Application";
				COPY_PHASE_STRIP = NO;
				CURRENT_PROJECT_VERSION = 2;
				GCC_DYNAMIC_NO_PIC = NO;
				GCC_ENABLE_OBJC_EXCEPTIONS = YES;
				GCC_PRECOMPILE_PREFIX_HEADER = YES;
				GCC_PREFIX_HEADER = "CPU Indicator/CPU_Indicator-Prefix.pch";
				INFOPLIST_FILE = "CPU Indicator/CPU_Indicator-Info.plist";
				PRODUCT_NAME = "$(TARGET_NAME)";
				VERSIONING_SYSTEM = "apple-generic";
				VERSION_INFO_PREFIX = FL;
				WRAPPER_EXTENSION = app;
			};
			name = Debug;
		};
		7B78A4E3131AA56500FE0D25 /* Release */ = {
			isa = XCBuildConfiguration;
			buildSettings = {
				ALWAYS_SEARCH_USER_PATHS = NO;
				CODE_SIGN_ENTITLEMENTS = "CPU Indicator/CPU Indicator.entitlements";
				CODE_SIGN_IDENTITY = "3rd Party Mac Developer Application";
				COPY_PHASE_STRIP = YES;
				CURRENT_PROJECT_VERSION = 2;
				DEBUG_INFORMATION_FORMAT = "dwarf-with-dsym";
				GCC_ENABLE_OBJC_EXCEPTIONS = YES;
				GCC_PRECOMPILE_PREFIX_HEADER = YES;
				GCC_PREFIX_HEADER = "CPU Indicator/CPU_Indicator-Prefix.pch";
				INFOPLIST_FILE = "CPU Indicator/CPU_Indicator-Info.plist";
				PRODUCT_NAME = "$(TARGET_NAME)";
				VERSIONING_SYSTEM = "apple-generic";
				VERSION_INFO_PREFIX = FL;
				WRAPPER_EXTENSION = app;
			};
			name = Release;
		};
/* End XCBuildConfiguration section */

/* Begin XCConfigurationList section */
		7B78A4BD131AA56500FE0D25 /* Build configuration list for PBXProject "CPU Indicator" */ = {
			isa = XCConfigurationList;
			buildConfigurations = (
				7B78A4DF131AA56500FE0D25 /* Debug */,
				7B78A4E0131AA56500FE0D25 /* Release */,
				7B66B99E1326B1290037B017 /* Release and Sign */,
			);
			defaultConfigurationIsVisible = 0;
			defaultConfigurationName = Release;
		};
		7B78A4E1131AA56500FE0D25 /* Build configuration list for PBXNativeTarget "CPU Indicator" */ = {
			isa = XCConfigurationList;
			buildConfigurations = (
				7B78A4E2131AA56500FE0D25 /* Debug */,
				7B78A4E3131AA56500FE0D25 /* Release */,
				7B66B99F1326B1290037B017 /* Release and Sign */,
			);
			defaultConfigurationIsVisible = 0;
			defaultConfigurationName = Release;
		};
/* End XCConfigurationList section */
	};
	rootObject = 7B78A4BA131AA56500FE0D25 /* Project object */;
}
