// !$*UTF8*$!
{
	archiveVersion = 1;
	classes = {
	};
	objectVersion = 46;
	objects = {

/* Begin PBXBuildFile section */
		7B1F6D271BCADCB3003860E8 /* SkinView.swift in Sources */ = {isa = PBXBuildFile; fileRef = 7B1F6D261BCADCB3003860E8 /* SkinView.swift */; };
		7B3E25331CD4FE40006F66A1 /* Localizable.strings in Resources */ = {isa = PBXBuildFile; fileRef = 7B3E25321CD4FE40006F66A1 /* Localizable.strings */; };
		7B591C401BE5779300DAAB57 /* CheckImageFromSkinObjectID.swift in Sources */ = {isa = PBXBuildFile; fileRef = 7B591C3F1BE5779300DAAB57 /* CheckImageFromSkinObjectID.swift */; };
		7B62756E1BCAFBEB007A0155 /* Model.xcdatamodeld in Sources */ = {isa = PBXBuildFile; fileRef = 7B62756C1BCAFBEB007A0155 /* Model.xcdatamodeld */; };
		7B6275771BCAFFA6007A0155 /* Skin.swift in Sources */ = {isa = PBXBuildFile; fileRef = 7B6275731BCAFFA6007A0155 /* Skin.swift */; };
		7B68FE0F1BC9D692004B900C /* IndicatorMenuBarController.swift in Sources */ = {isa = PBXBuildFile; fileRef = 7B68FE0E1BC9D692004B900C /* IndicatorMenuBarController.swift */; };
		7B68FE111BC9D739004B900C /* IndicatorDockController.swift in Sources */ = {isa = PBXBuildFile; fileRef = 7B68FE101BC9D739004B900C /* IndicatorDockController.swift */; };
		7B71E76A1B964D8B00F037A3 /* Constants.swift in Sources */ = {isa = PBXBuildFile; fileRef = 7B71E7691B964D8B00F037A3 /* Constants.swift */; };
		7B87C53A1B2C9D2A00A6B64A /* AppDelegate.swift in Sources */ = {isa = PBXBuildFile; fileRef = 7B87C5391B2C9D2A00A6B64A /* AppDelegate.swift */; };
		7B87C53C1B2C9D2A00A6B64A /* IntroViewController.swift in Sources */ = {isa = PBXBuildFile; fileRef = 7B87C53B1B2C9D2A00A6B64A /* IntroViewController.swift */; };
		7B87C53E1B2C9D2A00A6B64A /* Assets.xcassets in Resources */ = {isa = PBXBuildFile; fileRef = 7B87C53D1B2C9D2A00A6B64A /* Assets.xcassets */; };
		7B87C5411B2C9D2A00A6B64A /* Main.storyboard in Resources */ = {isa = PBXBuildFile; fileRef = 7B87C53F1B2C9D2A00A6B64A /* Main.storyboard */; };
		7B87C54C1B2C9D2B00A6B64A /* CPU_IndicatorTests.swift in Sources */ = {isa = PBXBuildFile; fileRef = 7B87C54B1B2C9D2B00A6B64A /* CPU_IndicatorTests.swift */; };
		7B87C5571B2C9D2B00A6B64A /* CPU_IndicatorUITests.swift in Sources */ = {isa = PBXBuildFile; fileRef = 7B87C5561B2C9D2B00A6B64A /* CPU_IndicatorUITests.swift */; };
		7B92E3CF1C430B9D0091F561 /* CPUUsageGetter.swift in Sources */ = {isa = PBXBuildFile; fileRef = 7B92E3CE1C430B9D0091F561 /* CPUUsageGetter.swift */; };
		7B99A38A1BD2E4C40020D13E /* SkinsPrefsViewController.swift in Sources */ = {isa = PBXBuildFile; fileRef = 7B99A3891BD2E4C40020D13E /* SkinsPrefsViewController.swift */; };
		7B99A38C1BD2FE750020D13E /* VerticallyCenteredTextFieldCell.swift in Sources */ = {isa = PBXBuildFile; fileRef = 7B99A38B1BD2FE750020D13E /* VerticallyCenteredTextFieldCell.swift */; };
		7BCB49581B5AAF2600F5D341 /* PreferencesViewController.swift in Sources */ = {isa = PBXBuildFile; fileRef = 7BCB49571B5AAF2600F5D341 /* PreferencesViewController.swift */; };
		7BDE20FC1C41492E002B50C7 /* WindowPrefsViewController.swift in Sources */ = {isa = PBXBuildFile; fileRef = 7BDE20FB1C41492E002B50C7 /* WindowPrefsViewController.swift */; };
		7BDE20FF1C416155002B50C7 /* IndicatorWindowContentViewController.swift in Sources */ = {isa = PBXBuildFile; fileRef = 7BDE20FE1C416155002B50C7 /* IndicatorWindowContentViewController.swift */; };
		7BEC78151BA5A5F700F08D88 /* PreferencesWindowController.swift in Sources */ = {isa = PBXBuildFile; fileRef = 7BEC78141BA5A5F700F08D88 /* PreferencesWindowController.swift */; };
		7BEF6D2B1BB34089002E074C /* IndicatorWindowController.swift in Sources */ = {isa = PBXBuildFile; fileRef = 7BEF6D2A1BB34089002E074C /* IndicatorWindowController.swift */; };
		7BF8B47A1C01ED0600D3FE61 /* SizedSkin.swift in Sources */ = {isa = PBXBuildFile; fileRef = 7BF8B4791C01ED0600D3FE61 /* SizedSkin.swift */; };
		7BF95FD61B91E0DB00DC4947 /* IsNotThree.swift in Sources */ = {isa = PBXBuildFile; fileRef = 7BF95FD51B91E0DB00DC4947 /* IsNotThree.swift */; };
/* End PBXBuildFile section */

/* Begin PBXContainerItemProxy section */
		7B87C5481B2C9D2A00A6B64A /* PBXContainerItemProxy */ = {
			isa = PBXContainerItemProxy;
			containerPortal = 7B87C52E1B2C9D2A00A6B64A /* Project object */;
			proxyType = 1;
			remoteGlobalIDString = 7B87C5351B2C9D2A00A6B64A;
			remoteInfo = "CPU Indicator";
		};
		7B87C5531B2C9D2B00A6B64A /* PBXContainerItemProxy */ = {
			isa = PBXContainerItemProxy;
			containerPortal = 7B87C52E1B2C9D2A00A6B64A /* Project object */;
			proxyType = 1;
			remoteGlobalIDString = 7B87C5351B2C9D2A00A6B64A;
			remoteInfo = "CPU Indicator";
		};
/* End PBXContainerItemProxy section */

/* Begin PBXFileReference section */
		7B1F6D261BCADCB3003860E8 /* SkinView.swift */ = {isa = PBXFileReference; fileEncoding = 4; lastKnownFileType = sourcecode.swift; path = SkinView.swift; sourceTree = "<group>"; };
		7B3E25321CD4FE40006F66A1 /* Localizable.strings */ = {isa = PBXFileReference; fileEncoding = 4; lastKnownFileType = text.plist.strings; name = Localizable.strings; path = Localizables/Localizable.strings; sourceTree = "<group>"; };
		7B4952A11BB75954001DE883 /* Readme.md */ = {isa = PBXFileReference; lastKnownFileType = net.daringfireball.markdown; path = Readme.md; sourceTree = "<group>"; };
		7B4952A21BB75988001DE883 /* CPU Indicator.entitlements */ = {isa = PBXFileReference; lastKnownFileType = text.xml; path = "CPU Indicator.entitlements"; sourceTree = "<group>"; };
		7B591C3F1BE5779300DAAB57 /* CheckImageFromSkinObjectID.swift */ = {isa = PBXFileReference; fileEncoding = 4; lastKnownFileType = sourcecode.swift; path = CheckImageFromSkinObjectID.swift; sourceTree = "<group>"; };
		7B62756D1BCAFBEB007A0155 /* Model.xcdatamodel */ = {isa = PBXFileReference; lastKnownFileType = wrapper.xcdatamodel; path = Model.xcdatamodel; sourceTree = "<group>"; };
		7B6275731BCAFFA6007A0155 /* Skin.swift */ = {isa = PBXFileReference; fileEncoding = 4; lastKnownFileType = sourcecode.swift; path = Skin.swift; sourceTree = "<group>"; };
		7B68FE0E1BC9D692004B900C /* IndicatorMenuBarController.swift */ = {isa = PBXFileReference; fileEncoding = 4; lastKnownFileType = sourcecode.swift; path = IndicatorMenuBarController.swift; sourceTree = "<group>"; };
		7B68FE101BC9D739004B900C /* IndicatorDockController.swift */ = {isa = PBXFileReference; fileEncoding = 4; lastKnownFileType = sourcecode.swift; path = IndicatorDockController.swift; sourceTree = "<group>"; };
		7B71E7691B964D8B00F037A3 /* Constants.swift */ = {isa = PBXFileReference; fileEncoding = 4; lastKnownFileType = sourcecode.swift; path = Constants.swift; sourceTree = "<group>"; };
		7B87C5361B2C9D2A00A6B64A /* CPU Indicator.app */ = {isa = PBXFileReference; explicitFileType = wrapper.application; includeInIndex = 0; path = "CPU Indicator.app"; sourceTree = BUILT_PRODUCTS_DIR; };
		7B87C5391B2C9D2A00A6B64A /* AppDelegate.swift */ = {isa = PBXFileReference; lastKnownFileType = sourcecode.swift; path = AppDelegate.swift; sourceTree = "<group>"; };
		7B87C53B1B2C9D2A00A6B64A /* IntroViewController.swift */ = {isa = PBXFileReference; lastKnownFileType = sourcecode.swift; path = IntroViewController.swift; sourceTree = "<group>"; };
		7B87C53D1B2C9D2A00A6B64A /* Assets.xcassets */ = {isa = PBXFileReference; lastKnownFileType = folder.assetcatalog; path = Assets.xcassets; sourceTree = "<group>"; };
		7B87C5401B2C9D2A00A6B64A /* Base */ = {isa = PBXFileReference; lastKnownFileType = file.storyboard; name = Base; path = Base.lproj/Main.storyboard; sourceTree = "<group>"; };
		7B87C5421B2C9D2A00A6B64A /* Info.plist */ = {isa = PBXFileReference; lastKnownFileType = text.plist.xml; path = Info.plist; sourceTree = "<group>"; };
		7B87C5471B2C9D2A00A6B64A /* CPU IndicatorTests.xctest */ = {isa = PBXFileReference; explicitFileType = wrapper.cfbundle; includeInIndex = 0; path = "CPU IndicatorTests.xctest"; sourceTree = BUILT_PRODUCTS_DIR; };
		7B87C54B1B2C9D2B00A6B64A /* CPU_IndicatorTests.swift */ = {isa = PBXFileReference; lastKnownFileType = sourcecode.swift; path = CPU_IndicatorTests.swift; sourceTree = "<group>"; };
		7B87C54D1B2C9D2B00A6B64A /* Info.plist */ = {isa = PBXFileReference; lastKnownFileType = text.plist.xml; path = Info.plist; sourceTree = "<group>"; };
		7B87C5521B2C9D2B00A6B64A /* CPU IndicatorUITests.xctest */ = {isa = PBXFileReference; explicitFileType = wrapper.cfbundle; includeInIndex = 0; path = "CPU IndicatorUITests.xctest"; sourceTree = BUILT_PRODUCTS_DIR; };
		7B87C5561B2C9D2B00A6B64A /* CPU_IndicatorUITests.swift */ = {isa = PBXFileReference; lastKnownFileType = sourcecode.swift; path = CPU_IndicatorUITests.swift; sourceTree = "<group>"; };
		7B87C5581B2C9D2B00A6B64A /* Info.plist */ = {isa = PBXFileReference; lastKnownFileType = text.plist.xml; path = Info.plist; sourceTree = "<group>"; };
		7B92E3CE1C430B9D0091F561 /* CPUUsageGetter.swift */ = {isa = PBXFileReference; fileEncoding = 4; lastKnownFileType = sourcecode.swift; path = CPUUsageGetter.swift; sourceTree = "<group>"; };
		7B99A3891BD2E4C40020D13E /* SkinsPrefsViewController.swift */ = {isa = PBXFileReference; fileEncoding = 4; lastKnownFileType = sourcecode.swift; path = SkinsPrefsViewController.swift; sourceTree = "<group>"; };
		7B99A38B1BD2FE750020D13E /* VerticallyCenteredTextFieldCell.swift */ = {isa = PBXFileReference; fileEncoding = 4; lastKnownFileType = sourcecode.swift; path = VerticallyCenteredTextFieldCell.swift; sourceTree = "<group>"; };
		7BCB49571B5AAF2600F5D341 /* PreferencesViewController.swift */ = {isa = PBXFileReference; fileEncoding = 4; lastKnownFileType = sourcecode.swift; path = PreferencesViewController.swift; sourceTree = "<group>"; };
		7BDE20FB1C41492E002B50C7 /* WindowPrefsViewController.swift */ = {isa = PBXFileReference; fileEncoding = 4; lastKnownFileType = sourcecode.swift; path = WindowPrefsViewController.swift; sourceTree = "<group>"; };
		7BDE20FE1C416155002B50C7 /* IndicatorWindowContentViewController.swift */ = {isa = PBXFileReference; fileEncoding = 4; lastKnownFileType = sourcecode.swift; path = IndicatorWindowContentViewController.swift; sourceTree = "<group>"; };
		7BEC78141BA5A5F700F08D88 /* PreferencesWindowController.swift */ = {isa = PBXFileReference; fileEncoding = 4; lastKnownFileType = sourcecode.swift; path = PreferencesWindowController.swift; sourceTree = "<group>"; };
		7BEF6D2A1BB34089002E074C /* IndicatorWindowController.swift */ = {isa = PBXFileReference; fileEncoding = 4; lastKnownFileType = sourcecode.swift; path = IndicatorWindowController.swift; sourceTree = "<group>"; };
		7BF8B4791C01ED0600D3FE61 /* SizedSkin.swift */ = {isa = PBXFileReference; fileEncoding = 4; lastKnownFileType = sourcecode.swift; path = SizedSkin.swift; sourceTree = "<group>"; };
		7BF95FD51B91E0DB00DC4947 /* IsNotThree.swift */ = {isa = PBXFileReference; fileEncoding = 4; lastKnownFileType = sourcecode.swift; path = IsNotThree.swift; sourceTree = "<group>"; };
/* End PBXFileReference section */

/* Begin PBXFrameworksBuildPhase section */
		7B87C5331B2C9D2A00A6B64A /* Frameworks */ = {
			isa = PBXFrameworksBuildPhase;
			buildActionMask = 2147483647;
			files = (
			);
			runOnlyForDeploymentPostprocessing = 0;
		};
		7B87C5441B2C9D2A00A6B64A /* Frameworks */ = {
			isa = PBXFrameworksBuildPhase;
			buildActionMask = 2147483647;
			files = (
			);
			runOnlyForDeploymentPostprocessing = 0;
		};
		7B87C54F1B2C9D2B00A6B64A /* Frameworks */ = {
			isa = PBXFrameworksBuildPhase;
			buildActionMask = 2147483647;
			files = (
			);
			runOnlyForDeploymentPostprocessing = 0;
		};
/* End PBXFrameworksBuildPhase section */

/* Begin PBXGroup section */
		7B3E252F1CD42368006F66A1 /* Indicator Menu */ = {
			isa = PBXGroup;
			children = (
				7B68FE0E1BC9D692004B900C /* IndicatorMenuBarController.swift */,
			);
			name = "Indicator Menu";
			sourceTree = "<group>";
		};
		7B3E25361CD540EA006F66A1 /* Indicator Dock */ = {
			isa = PBXGroup;
			children = (
				7B68FE101BC9D739004B900C /* IndicatorDockController.swift */,
			);
			name = "Indicator Dock";
			sourceTree = "<group>";
		};
		7B62756F1BCAFEC9007A0155 /* NSManagedObject Subclasses */ = {
			isa = PBXGroup;
			children = (
				7B6275731BCAFFA6007A0155 /* Skin.swift */,
			);
			path = "NSManagedObject Subclasses";
			sourceTree = "<group>";
		};
		7B87C52D1B2C9D2A00A6B64A = {
			isa = PBXGroup;
			children = (
				7B4952A11BB75954001DE883 /* Readme.md */,
				7B87C5381B2C9D2A00A6B64A /* CPU Indicator */,
				7B87C54A1B2C9D2A00A6B64A /* CPU IndicatorTests */,
				7B87C5551B2C9D2B00A6B64A /* CPU IndicatorUITests */,
				7B87C5371B2C9D2A00A6B64A /* Products */,
			);
			sourceTree = "<group>";
		};
		7B87C5371B2C9D2A00A6B64A /* Products */ = {
			isa = PBXGroup;
			children = (
				7B87C5361B2C9D2A00A6B64A /* CPU Indicator.app */,
				7B87C5471B2C9D2A00A6B64A /* CPU IndicatorTests.xctest */,
				7B87C5521B2C9D2B00A6B64A /* CPU IndicatorUITests.xctest */,
			);
			name = Products;
			sourceTree = "<group>";
		};
		7B87C5381B2C9D2A00A6B64A /* CPU Indicator */ = {
			isa = PBXGroup;
			children = (
				7B4952A21BB75988001DE883 /* CPU Indicator.entitlements */,
				7BF95FD41B91E0A700DC4947 /* Utilities */,
				7BD930991B933D1F00EDED90 /* Model */,
				7BD930981B933BD100EDED90 /* Views and Controllers */,
				7B71E7691B964D8B00F037A3 /* Constants.swift */,
				7B3E25321CD4FE40006F66A1 /* Localizable.strings */,
				7B87C53D1B2C9D2A00A6B64A /* Assets.xcassets */,
				7B87C5421B2C9D2A00A6B64A /* Info.plist */,
			);
			path = "CPU Indicator";
			sourceTree = "<group>";
		};
		7B87C54A1B2C9D2A00A6B64A /* CPU IndicatorTests */ = {
			isa = PBXGroup;
			children = (
				7B87C54B1B2C9D2B00A6B64A /* CPU_IndicatorTests.swift */,
				7B87C54D1B2C9D2B00A6B64A /* Info.plist */,
			);
			path = "CPU IndicatorTests";
			sourceTree = "<group>";
		};
		7B87C5551B2C9D2B00A6B64A /* CPU IndicatorUITests */ = {
			isa = PBXGroup;
			children = (
				7B87C5561B2C9D2B00A6B64A /* CPU_IndicatorUITests.swift */,
				7B87C5581B2C9D2B00A6B64A /* Info.plist */,
			);
			path = "CPU IndicatorUITests";
			sourceTree = "<group>";
		};
		7BD930981B933BD100EDED90 /* Views and Controllers */ = {
			isa = PBXGroup;
			children = (
				7B87C53F1B2C9D2A00A6B64A /* Main.storyboard */,
				7B87C5391B2C9D2A00A6B64A /* AppDelegate.swift */,
				7B87C53B1B2C9D2A00A6B64A /* IntroViewController.swift */,
				7BDE20FD1C41611C002B50C7 /* Indicator Window */,
				7B3E252F1CD42368006F66A1 /* Indicator Menu */,
				7B3E25361CD540EA006F66A1 /* Indicator Dock */,
				7BD9309A1B933D3300EDED90 /* Preferences */,
				7B1F6D261BCADCB3003860E8 /* SkinView.swift */,
			);
			path = "Views and Controllers";
			sourceTree = "<group>";
		};
		7BD930991B933D1F00EDED90 /* Model */ = {
			isa = PBXGroup;
			children = (
				7B62756C1BCAFBEB007A0155 /* Model.xcdatamodeld */,
				7B62756F1BCAFEC9007A0155 /* NSManagedObject Subclasses */,
			);
			path = Model;
			sourceTree = "<group>";
		};
		7BD9309A1B933D3300EDED90 /* Preferences */ = {
			isa = PBXGroup;
			children = (
				7BEC78141BA5A5F700F08D88 /* PreferencesWindowController.swift */,
				7BCB49571B5AAF2600F5D341 /* PreferencesViewController.swift */,
				7BDE20FB1C41492E002B50C7 /* WindowPrefsViewController.swift */,
				7B99A3891BD2E4C40020D13E /* SkinsPrefsViewController.swift */,
				7B99A38B1BD2FE750020D13E /* VerticallyCenteredTextFieldCell.swift */,
				7B591C3F1BE5779300DAAB57 /* CheckImageFromSkinObjectID.swift */,
			);
			name = Preferences;
			sourceTree = "<group>";
		};
		7BDE20FD1C41611C002B50C7 /* Indicator Window */ = {
			isa = PBXGroup;
			children = (
				7BEF6D2A1BB34089002E074C /* IndicatorWindowController.swift */,
				7BDE20FE1C416155002B50C7 /* IndicatorWindowContentViewController.swift */,
			);
			name = "Indicator Window";
			sourceTree = "<group>";
		};
		7BF95FD41B91E0A700DC4947 /* Utilities */ = {
			isa = PBXGroup;
			children = (
				7BF8B4791C01ED0600D3FE61 /* SizedSkin.swift */,
				7BF95FD51B91E0DB00DC4947 /* IsNotThree.swift */,
				7B92E3CE1C430B9D0091F561 /* CPUUsageGetter.swift */,
			);
			path = Utilities;
			sourceTree = "<group>";
		};
/* End PBXGroup section */

/* Begin PBXNativeTarget section */
		7B87C5351B2C9D2A00A6B64A /* CPU Indicator */ = {
			isa = PBXNativeTarget;
			buildConfigurationList = 7B87C55B1B2C9D2B00A6B64A /* Build configuration list for PBXNativeTarget "CPU Indicator" */;
			buildPhases = (
				7B87C5321B2C9D2A00A6B64A /* Sources */,
				7B87C5331B2C9D2A00A6B64A /* Frameworks */,
				7B87C5341B2C9D2A00A6B64A /* Resources */,
			);
			buildRules = (
			);
			dependencies = (
			);
			name = "CPU Indicator";
			productName = "CPU Indicator";
			productReference = 7B87C5361B2C9D2A00A6B64A /* CPU Indicator.app */;
			productType = "com.apple.product-type.application";
		};
		7B87C5461B2C9D2A00A6B64A /* CPU IndicatorTests */ = {
			isa = PBXNativeTarget;
			buildConfigurationList = 7B87C55E1B2C9D2B00A6B64A /* Build configuration list for PBXNativeTarget "CPU IndicatorTests" */;
			buildPhases = (
				7B87C5431B2C9D2A00A6B64A /* Sources */,
				7B87C5441B2C9D2A00A6B64A /* Frameworks */,
				7B87C5451B2C9D2A00A6B64A /* Resources */,
			);
			buildRules = (
			);
			dependencies = (
				7B87C5491B2C9D2A00A6B64A /* PBXTargetDependency */,
			);
			name = "CPU IndicatorTests";
			productName = "CPU IndicatorTests";
			productReference = 7B87C5471B2C9D2A00A6B64A /* CPU IndicatorTests.xctest */;
			productType = "com.apple.product-type.bundle.unit-test";
		};
		7B87C5511B2C9D2B00A6B64A /* CPU IndicatorUITests */ = {
			isa = PBXNativeTarget;
			buildConfigurationList = 7B87C5611B2C9D2B00A6B64A /* Build configuration list for PBXNativeTarget "CPU IndicatorUITests" */;
			buildPhases = (
				7B87C54E1B2C9D2B00A6B64A /* Sources */,
				7B87C54F1B2C9D2B00A6B64A /* Frameworks */,
				7B87C5501B2C9D2B00A6B64A /* Resources */,
			);
			buildRules = (
			);
			dependencies = (
				7B87C5541B2C9D2B00A6B64A /* PBXTargetDependency */,
			);
			name = "CPU IndicatorUITests";
			productName = "CPU IndicatorUITests";
			productReference = 7B87C5521B2C9D2B00A6B64A /* CPU IndicatorUITests.xctest */;
			productType = "com.apple.product-type.bundle.ui-testing";
		};
/* End PBXNativeTarget section */

/* Begin PBXProject section */
		7B87C52E1B2C9D2A00A6B64A /* Project object */ = {
			isa = PBXProject;
			attributes = {
				LastUpgradeCheck = 0900;
				ORGANIZATIONNAME = "Frost Land";
				TargetAttributes = {
					7B87C5351B2C9D2A00A6B64A = {
						CreatedOnToolsVersion = 7.0;
						LastSwiftMigration = 0900;
						SystemCapabilities = {
							com.apple.Sandbox = {
								enabled = 1;
							};
						};
					};
					7B87C5461B2C9D2A00A6B64A = {
						CreatedOnToolsVersion = 7.0;
						LastSwiftMigration = 0900;
						TestTargetID = 7B87C5351B2C9D2A00A6B64A;
					};
					7B87C5511B2C9D2B00A6B64A = {
						CreatedOnToolsVersion = 7.0;
						LastSwiftMigration = 0900;
						TestTargetID = 7B87C5351B2C9D2A00A6B64A;
					};
				};
			};
			buildConfigurationList = 7B87C5311B2C9D2A00A6B64A /* Build configuration list for PBXProject "CPU Indicator" */;
			compatibilityVersion = "Xcode 3.2";
			developmentRegion = English;
			hasScannedForEncodings = 0;
			knownRegions = (
				en,
				Base,
			);
			mainGroup = 7B87C52D1B2C9D2A00A6B64A;
			productRefGroup = 7B87C5371B2C9D2A00A6B64A /* Products */;
			projectDirPath = "";
			projectRoot = "";
			targets = (
				7B87C5351B2C9D2A00A6B64A /* CPU Indicator */,
				7B87C5461B2C9D2A00A6B64A /* CPU IndicatorTests */,
				7B87C5511B2C9D2B00A6B64A /* CPU IndicatorUITests */,
			);
		};
/* End PBXProject section */

/* Begin PBXResourcesBuildPhase section */
		7B87C5341B2C9D2A00A6B64A /* Resources */ = {
			isa = PBXResourcesBuildPhase;
			buildActionMask = 2147483647;
			files = (
				7B3E25331CD4FE40006F66A1 /* Localizable.strings in Resources */,
				7B87C53E1B2C9D2A00A6B64A /* Assets.xcassets in Resources */,
				7B87C5411B2C9D2A00A6B64A /* Main.storyboard in Resources */,
			);
			runOnlyForDeploymentPostprocessing = 0;
		};
		7B87C5451B2C9D2A00A6B64A /* Resources */ = {
			isa = PBXResourcesBuildPhase;
			buildActionMask = 2147483647;
			files = (
			);
			runOnlyForDeploymentPostprocessing = 0;
		};
		7B87C5501B2C9D2B00A6B64A /* Resources */ = {
			isa = PBXResourcesBuildPhase;
			buildActionMask = 2147483647;
			files = (
			);
			runOnlyForDeploymentPostprocessing = 0;
		};
/* End PBXResourcesBuildPhase section */

/* Begin PBXSourcesBuildPhase section */
		7B87C5321B2C9D2A00A6B64A /* Sources */ = {
			isa = PBXSourcesBuildPhase;
			buildActionMask = 2147483647;
			files = (
				7BDE20FC1C41492E002B50C7 /* WindowPrefsViewController.swift in Sources */,
				7B87C53C1B2C9D2A00A6B64A /* IntroViewController.swift in Sources */,
				7BF8B47A1C01ED0600D3FE61 /* SizedSkin.swift in Sources */,
				7BDE20FF1C416155002B50C7 /* IndicatorWindowContentViewController.swift in Sources */,
				7B591C401BE5779300DAAB57 /* CheckImageFromSkinObjectID.swift in Sources */,
				7B99A38C1BD2FE750020D13E /* VerticallyCenteredTextFieldCell.swift in Sources */,
				7B87C53A1B2C9D2A00A6B64A /* AppDelegate.swift in Sources */,
				7BEF6D2B1BB34089002E074C /* IndicatorWindowController.swift in Sources */,
				7B68FE0F1BC9D692004B900C /* IndicatorMenuBarController.swift in Sources */,
				7B99A38A1BD2E4C40020D13E /* SkinsPrefsViewController.swift in Sources */,
				7BCB49581B5AAF2600F5D341 /* PreferencesViewController.swift in Sources */,
				7B1F6D271BCADCB3003860E8 /* SkinView.swift in Sources */,
				7B6275771BCAFFA6007A0155 /* Skin.swift in Sources */,
				7B68FE111BC9D739004B900C /* IndicatorDockController.swift in Sources */,
				7B92E3CF1C430B9D0091F561 /* CPUUsageGetter.swift in Sources */,
				7BEC78151BA5A5F700F08D88 /* PreferencesWindowController.swift in Sources */,
				7BF95FD61B91E0DB00DC4947 /* IsNotThree.swift in Sources */,
				7B71E76A1B964D8B00F037A3 /* Constants.swift in Sources */,
				7B62756E1BCAFBEB007A0155 /* Model.xcdatamodeld in Sources */,
			);
			runOnlyForDeploymentPostprocessing = 0;
		};
		7B87C5431B2C9D2A00A6B64A /* Sources */ = {
			isa = PBXSourcesBuildPhase;
			buildActionMask = 2147483647;
			files = (
				7B87C54C1B2C9D2B00A6B64A /* CPU_IndicatorTests.swift in Sources */,
			);
			runOnlyForDeploymentPostprocessing = 0;
		};
		7B87C54E1B2C9D2B00A6B64A /* Sources */ = {
			isa = PBXSourcesBuildPhase;
			buildActionMask = 2147483647;
			files = (
				7B87C5571B2C9D2B00A6B64A /* CPU_IndicatorUITests.swift in Sources */,
			);
			runOnlyForDeploymentPostprocessing = 0;
		};
/* End PBXSourcesBuildPhase section */

/* Begin PBXTargetDependency section */
		7B87C5491B2C9D2A00A6B64A /* PBXTargetDependency */ = {
			isa = PBXTargetDependency;
			target = 7B87C5351B2C9D2A00A6B64A /* CPU Indicator */;
			targetProxy = 7B87C5481B2C9D2A00A6B64A /* PBXContainerItemProxy */;
		};
		7B87C5541B2C9D2B00A6B64A /* PBXTargetDependency */ = {
			isa = PBXTargetDependency;
			target = 7B87C5351B2C9D2A00A6B64A /* CPU Indicator */;
			targetProxy = 7B87C5531B2C9D2B00A6B64A /* PBXContainerItemProxy */;
		};
/* End PBXTargetDependency section */

/* Begin PBXVariantGroup section */
		7B87C53F1B2C9D2A00A6B64A /* Main.storyboard */ = {
			isa = PBXVariantGroup;
			children = (
				7B87C5401B2C9D2A00A6B64A /* Base */,
			);
			name = Main.storyboard;
			sourceTree = "<group>";
		};
/* End PBXVariantGroup section */

/* Begin XCBuildConfiguration section */
		7B87C5591B2C9D2B00A6B64A /* Debug */ = {
			isa = XCBuildConfiguration;
			buildSettings = {
				ALWAYS_SEARCH_USER_PATHS = NO;
				CLANG_CXX_LANGUAGE_STANDARD = "gnu++0x";
				CLANG_CXX_LIBRARY = "libc++";
				CLANG_ENABLE_MODULES = YES;
				CLANG_ENABLE_OBJC_ARC = YES;
				CLANG_WARN_BLOCK_CAPTURE_AUTORELEASING = YES;
				CLANG_WARN_BOOL_CONVERSION = YES;
				CLANG_WARN_COMMA = YES;
				CLANG_WARN_CONSTANT_CONVERSION = YES;
				CLANG_WARN_DIRECT_OBJC_ISA_USAGE = YES_ERROR;
				CLANG_WARN_EMPTY_BODY = YES;
				CLANG_WARN_ENUM_CONVERSION = YES;
				CLANG_WARN_INFINITE_RECURSION = YES;
				CLANG_WARN_INT_CONVERSION = YES;
				CLANG_WARN_NON_LITERAL_NULL_CONVERSION = YES;
				CLANG_WARN_OBJC_LITERAL_CONVERSION = YES;
				CLANG_WARN_OBJC_ROOT_CLASS = YES_ERROR;
				CLANG_WARN_RANGE_LOOP_ANALYSIS = YES;
				CLANG_WARN_STRICT_PROTOTYPES = YES;
				CLANG_WARN_SUSPICIOUS_MOVE = YES;
				CLANG_WARN_UNREACHABLE_CODE = YES;
				CLANG_WARN__DUPLICATE_METHOD_MATCH = YES;
				CODE_SIGN_IDENTITY = "-";
				COPY_PHASE_STRIP = NO;
				DEBUG_INFORMATION_FORMAT = dwarf;
				ENABLE_STRICT_OBJC_MSGSEND = YES;
				ENABLE_TESTABILITY = YES;
				GCC_C_LANGUAGE_STANDARD = gnu99;
				GCC_DYNAMIC_NO_PIC = NO;
				GCC_NO_COMMON_BLOCKS = YES;
				GCC_OPTIMIZATION_LEVEL = 0;
				GCC_PREPROCESSOR_DEFINITIONS = (
					"DEBUG=1",
					"$(inherited)",
				);
				GCC_WARN_64_TO_32_BIT_CONVERSION = YES;
				GCC_WARN_ABOUT_RETURN_TYPE = YES_ERROR;
				GCC_WARN_UNDECLARED_SELECTOR = YES;
				GCC_WARN_UNINITIALIZED_AUTOS = YES_AGGRESSIVE;
				GCC_WARN_UNUSED_FUNCTION = YES;
				GCC_WARN_UNUSED_VARIABLE = YES;
				MACOSX_DEPLOYMENT_TARGET = 10.11;
				MTL_ENABLE_DEBUG_INFO = YES;
				ONLY_ACTIVE_ARCH = YES;
				SDKROOT = macosx;
				SWIFT_OPTIMIZATION_LEVEL = "-Onone";
				SWIFT_VERSION = 4.0;
			};
			name = Debug;
		};
		7B87C55A1B2C9D2B00A6B64A /* Release */ = {
			isa = XCBuildConfiguration;
			buildSettings = {
				ALWAYS_SEARCH_USER_PATHS = NO;
				CLANG_CXX_LANGUAGE_STANDARD = "gnu++0x";
				CLANG_CXX_LIBRARY = "libc++";
				CLANG_ENABLE_MODULES = YES;
				CLANG_ENABLE_OBJC_ARC = YES;
				CLANG_WARN_BLOCK_CAPTURE_AUTORELEASING = YES;
				CLANG_WARN_BOOL_CONVERSION = YES;
				CLANG_WARN_COMMA = YES;
				CLANG_WARN_CONSTANT_CONVERSION = YES;
				CLANG_WARN_DIRECT_OBJC_ISA_USAGE = YES_ERROR;
				CLANG_WARN_EMPTY_BODY = YES;
				CLANG_WARN_ENUM_CONVERSION = YES;
				CLANG_WARN_INFINITE_RECURSION = YES;
				CLANG_WARN_INT_CONVERSION = YES;
				CLANG_WARN_NON_LITERAL_NULL_CONVERSION = YES;
				CLANG_WARN_OBJC_LITERAL_CONVERSION = YES;
				CLANG_WARN_OBJC_ROOT_CLASS = YES_ERROR;
				CLANG_WARN_RANGE_LOOP_ANALYSIS = YES;
				CLANG_WARN_STRICT_PROTOTYPES = YES;
				CLANG_WARN_SUSPICIOUS_MOVE = YES;
				CLANG_WARN_UNREACHABLE_CODE = YES;
				CLANG_WARN__DUPLICATE_METHOD_MATCH = YES;
				CODE_SIGN_IDENTITY = "-";
				COPY_PHASE_STRIP = NO;
				DEBUG_INFORMATION_FORMAT = "dwarf-with-dsym";
				ENABLE_NS_ASSERTIONS = NO;
				ENABLE_STRICT_OBJC_MSGSEND = YES;
				GCC_C_LANGUAGE_STANDARD = gnu99;
				GCC_NO_COMMON_BLOCKS = YES;
				GCC_WARN_64_TO_32_BIT_CONVERSION = YES;
				GCC_WARN_ABOUT_RETURN_TYPE = YES_ERROR;
				GCC_WARN_UNDECLARED_SELECTOR = YES;
				GCC_WARN_UNINITIALIZED_AUTOS = YES_AGGRESSIVE;
				GCC_WARN_UNUSED_FUNCTION = YES;
				GCC_WARN_UNUSED_VARIABLE = YES;
				MACOSX_DEPLOYMENT_TARGET = 10.11;
				MTL_ENABLE_DEBUG_INFO = NO;
				SDKROOT = macosx;
				SWIFT_OPTIMIZATION_LEVEL = "-Owholemodule";
				SWIFT_VERSION = 4.0;
			};
			name = Release;
		};
		7B87C55C1B2C9D2B00A6B64A /* Debug */ = {
			isa = XCBuildConfiguration;
			buildSettings = {
				ASSETCATALOG_COMPILER_APPICON_NAME = AppIcon;
				CODE_SIGN_ENTITLEMENTS = "CPU Indicator/CPU Indicator.entitlements";
				COMBINE_HIDPI_IMAGES = YES;
				INFOPLIST_FILE = "CPU Indicator/Info.plist";
				LD_RUNPATH_SEARCH_PATHS = "$(inherited) @executable_path/../Frameworks";
				MACOSX_DEPLOYMENT_TARGET = 10.10;
				PRODUCT_BUNDLE_IDENTIFIER = "fr.frostland.cpu-indicator";
				PRODUCT_NAME = "$(TARGET_NAME)";
			};
			name = Debug;
		};
		7B87C55D1B2C9D2B00A6B64A /* Release */ = {
			isa = XCBuildConfiguration;
			buildSettings = {
				ASSETCATALOG_COMPILER_APPICON_NAME = AppIcon;
				CODE_SIGN_ENTITLEMENTS = "CPU Indicator/CPU Indicator.entitlements";
				COMBINE_HIDPI_IMAGES = YES;
				INFOPLIST_FILE = "CPU Indicator/Info.plist";
				LD_RUNPATH_SEARCH_PATHS = "$(inherited) @executable_path/../Frameworks";
				MACOSX_DEPLOYMENT_TARGET = 10.10;
				PRODUCT_BUNDLE_IDENTIFIER = "fr.frostland.cpu-indicator";
				PRODUCT_NAME = "$(TARGET_NAME)";
			};
			name = Release;
		};
		7B87C55F1B2C9D2B00A6B64A /* Debug */ = {
			isa = XCBuildConfiguration;
			buildSettings = {
				BUNDLE_LOADER = "$(TEST_HOST)";
				COMBINE_HIDPI_IMAGES = YES;
				INFOPLIST_FILE = "CPU IndicatorTests/Info.plist";
				LD_RUNPATH_SEARCH_PATHS = "$(inherited) @executable_path/../Frameworks @loader_path/../Frameworks";
				PRODUCT_BUNDLE_IDENTIFIER = "fr.frostland.CPU-IndicatorTests";
				PRODUCT_NAME = "$(TARGET_NAME)";
				TEST_HOST = "$(BUILT_PRODUCTS_DIR)/CPU Indicator.app/Contents/MacOS/CPU Indicator";
			};
			name = Debug;
		};
		7B87C5601B2C9D2B00A6B64A /* Release */ = {
			isa = XCBuildConfiguration;
			buildSettings = {
				BUNDLE_LOADER = "$(TEST_HOST)";
				COMBINE_HIDPI_IMAGES = YES;
				INFOPLIST_FILE = "CPU IndicatorTests/Info.plist";
				LD_RUNPATH_SEARCH_PATHS = "$(inherited) @executable_path/../Frameworks @loader_path/../Frameworks";
				PRODUCT_BUNDLE_IDENTIFIER = "fr.frostland.CPU-IndicatorTests";
				PRODUCT_NAME = "$(TARGET_NAME)";
				TEST_HOST = "$(BUILT_PRODUCTS_DIR)/CPU Indicator.app/Contents/MacOS/CPU Indicator";
			};
			name = Release;
		};
		7B87C5621B2C9D2B00A6B64A /* Debug */ = {
			isa = XCBuildConfiguration;
			buildSettings = {
				COMBINE_HIDPI_IMAGES = YES;
				INFOPLIST_FILE = "CPU IndicatorUITests/Info.plist";
				LD_RUNPATH_SEARCH_PATHS = "$(inherited) @executable_path/../Frameworks @loader_path/../Frameworks";
				PRODUCT_BUNDLE_IDENTIFIER = "fr.frostland.CPU-IndicatorUITests";
				PRODUCT_NAME = "$(TARGET_NAME)";
				TEST_TARGET_NAME = "CPU Indicator";
				USES_XCTRUNNER = YES;
			};
			name = Debug;
		};
		7B87C5631B2C9D2B00A6B64A /* Release */ = {
			isa = XCBuildConfiguration;
			buildSettings = {
				COMBINE_HIDPI_IMAGES = YES;
				INFOPLIST_FILE = "CPU IndicatorUITests/Info.plist";
				LD_RUNPATH_SEARCH_PATHS = "$(inherited) @executable_path/../Frameworks @loader_path/../Frameworks";
				PRODUCT_BUNDLE_IDENTIFIER = "fr.frostland.CPU-IndicatorUITests";
				PRODUCT_NAME = "$(TARGET_NAME)";
				TEST_TARGET_NAME = "CPU Indicator";
				USES_XCTRUNNER = YES;
			};
			name = Release;
		};
/* End XCBuildConfiguration section */

/* Begin XCConfigurationList section */
		7B87C5311B2C9D2A00A6B64A /* Build configuration list for PBXProject "CPU Indicator" */ = {
			isa = XCConfigurationList;
			buildConfigurations = (
				7B87C5591B2C9D2B00A6B64A /* Debug */,
				7B87C55A1B2C9D2B00A6B64A /* Release */,
			);
			defaultConfigurationIsVisible = 0;
			defaultConfigurationName = Release;
		};
		7B87C55B1B2C9D2B00A6B64A /* Build configuration list for PBXNativeTarget "CPU Indicator" */ = {
			isa = XCConfigurationList;
			buildConfigurations = (
				7B87C55C1B2C9D2B00A6B64A /* Debug */,
				7B87C55D1B2C9D2B00A6B64A /* Release */,
			);
			defaultConfigurationIsVisible = 0;
			defaultConfigurationName = Release;
		};
		7B87C55E1B2C9D2B00A6B64A /* Build configuration list for PBXNativeTarget "CPU IndicatorTests" */ = {
			isa = XCConfigurationList;
			buildConfigurations = (
				7B87C55F1B2C9D2B00A6B64A /* Debug */,
				7B87C5601B2C9D2B00A6B64A /* Release */,
			);
			defaultConfigurationIsVisible = 0;
			defaultConfigurationName = Release;
		};
		7B87C5611B2C9D2B00A6B64A /* Build configuration list for PBXNativeTarget "CPU IndicatorUITests" */ = {
			isa = XCConfigurationList;
			buildConfigurations = (
				7B87C5621B2C9D2B00A6B64A /* Debug */,
				7B87C5631B2C9D2B00A6B64A /* Release */,
			);
			defaultConfigurationIsVisible = 0;
			defaultConfigurationName = Release;
		};
/* End XCConfigurationList section */

/* Begin XCVersionGroup section */
		7B62756C1BCAFBEB007A0155 /* Model.xcdatamodeld */ = {
			isa = XCVersionGroup;
			children = (
				7B62756D1BCAFBEB007A0155 /* Model.xcdatamodel */,
			);
			currentVersion = 7B62756D1BCAFBEB007A0155 /* Model.xcdatamodel */;
			path = Model.xcdatamodeld;
			sourceTree = "<group>";
			versionGroupType = wrapper.xcdatamodel;
		};
/* End XCVersionGroup section */
	};
	rootObject = 7B87C52E1B2C9D2A00A6B64A /* Project object */;
}
